
Microsoft Visual Studio Solution File, Format Version 12.00
# Visual Studio Version 16
VisualStudioVersion = 16.0.31105.61
MinimumVisualStudioVersion = 10.0.40219.1
Project("{FAE04EC0-301F-11D3-BF4B-00C04F79EFBC}") = "FInal Fight", "FInal Fight\FInal Fight.csproj", "{1704AA06-6F5F-40F4-9671-5BECFE3689DB}"
EndProject
Global
	GlobalSection(SolutionConfigurationPlatforms) = preSolution
		Debug|Any CPU = Debug|Any CPU
		Release|Any CPU = Release|Any CPU
	EndGlobalSection
	GlobalSection(ProjectConfigurationPlatforms) = postSolution
		{1704AA06-6F5F-40F4-9671-5BECFE3689DB}.Debug|Any CPU.ActiveCfg = Debug|Any CPU
		{1704AA06-6F5F-40F4-9671-5BECFE3689DB}.Debug|Any CPU.Build.0 = Debug|Any CPU
		{1704AA06-6F5F-40F4-9671-5BECFE3689DB}.Release|Any CPU.ActiveCfg = Release|Any CPU
		{1704AA06-6F5F-40F4-9671-5BECFE3689DB}.Release|Any CPU.Build.0 = Release|Any CPU
	EndGlobalSection
	GlobalSection(SolutionProperties) = preSolution
		HideSolutionNode = FALSE
	EndGlobalSection
	GlobalSection(ExtensibilityGlobals) = postSolution
		SolutionGuid = {04E95457-2ECE-4F4C-ABE6-D0DA528DEEAB}
	EndGlobalSection
EndGlobal
