
Microsoft Visual Studio Solution File, Format Version 12.00
# Visual Studio Version 16
VisualStudioVersion = 16.0.31105.61
MinimumVisualStudioVersion = 10.0.40219.1
Project("{9A19103F-16F7-4668-BE54-9A1E7A4F7556}") = "Arena", "Arena\Arena.csproj", "{0541FCF3-49E7-4901-A92B-907B56E9C497}"
EndProject
Project("{FAE04EC0-301F-11D3-BF4B-00C04F79EFBC}") = "ArenaTest", "ArenaTest\ArenaTest.csproj", "{51B98732-562B-42A1-AB65-F1155A320014}"
EndProject
Global
	GlobalSection(SolutionConfigurationPlatforms) = preSolution
		Debug|Any CPU = Debug|Any CPU
		Release|Any CPU = Release|Any CPU
	EndGlobalSection
	GlobalSection(ProjectConfigurationPlatforms) = postSolution
		{0541FCF3-49E7-4901-A92B-907B56E9C497}.Debug|Any CPU.ActiveCfg = Debug|Any CPU
		{0541FCF3-49E7-4901-A92B-907B56E9C497}.Debug|Any CPU.Build.0 = Debug|Any CPU
		{0541FCF3-49E7-4901-A92B-907B56E9C497}.Release|Any CPU.ActiveCfg = Release|Any CPU
		{0541FCF3-49E7-4901-A92B-907B56E9C497}.Release|Any CPU.Build.0 = Release|Any CPU
		{51B98732-562B-42A1-AB65-F1155A320014}.Debug|Any CPU.ActiveCfg = Debug|Any CPU
		{51B98732-562B-42A1-AB65-F1155A320014}.Debug|Any CPU.Build.0 = Debug|Any CPU
		{51B98732-562B-42A1-AB65-F1155A320014}.Release|Any CPU.ActiveCfg = Release|Any CPU
		{51B98732-562B-42A1-AB65-F1155A320014}.Release|Any CPU.Build.0 = Release|Any CPU
	EndGlobalSection
	GlobalSection(SolutionProperties) = preSolution
		HideSolutionNode = FALSE
	EndGlobalSection
	GlobalSection(ExtensibilityGlobals) = postSolution
		SolutionGuid = {757E69C8-0E49-4310-AA8C-1DBD1E5306ED}
	EndGlobalSection
EndGlobal
