
Microsoft Visual Studio Solution File, Format Version 12.00
# Visual Studio Version 16
VisualStudioVersion = 16.0.31105.61
MinimumVisualStudioVersion = 10.0.40219.1
Project("{FAE04EC0-301F-11D3-BF4B-00C04F79EFBC}") = "Shop", "Shop\Shop.csproj", "{D0AA65B5-6BC7-439F-BC03-25E4C00EDCCC}"
EndProject
Global
	GlobalSection(SolutionConfigurationPlatforms) = preSolution
		Debug|Any CPU = Debug|Any CPU
		Release|Any CPU = Release|Any CPU
	EndGlobalSection
	GlobalSection(ProjectConfigurationPlatforms) = postSolution
		{D0AA65B5-6BC7-439F-BC03-25E4C00EDCCC}.Debug|Any CPU.ActiveCfg = Debug|Any CPU
		{D0AA65B5-6BC7-439F-BC03-25E4C00EDCCC}.Debug|Any CPU.Build.0 = Debug|Any CPU
		{D0AA65B5-6BC7-439F-BC03-25E4C00EDCCC}.Release|Any CPU.ActiveCfg = Release|Any CPU
		{D0AA65B5-6BC7-439F-BC03-25E4C00EDCCC}.Release|Any CPU.Build.0 = Release|Any CPU
	EndGlobalSection
	GlobalSection(SolutionProperties) = preSolution
		HideSolutionNode = FALSE
	EndGlobalSection
	GlobalSection(ExtensibilityGlobals) = postSolution
		SolutionGuid = {B09D3A20-20F9-4BEE-B743-EB5907ADC42E}
	EndGlobalSection
EndGlobal
