
Microsoft Visual Studio Solution File, Format Version 12.00
# Visual Studio Version 16
VisualStudioVersion = 16.0.31105.61
MinimumVisualStudioVersion = 10.0.40219.1
Project("{FAE04EC0-301F-11D3-BF4B-00C04F79EFBC}") = "ClassWork", "ClassWork\ClassWork.csproj", "{4D096B62-F7EE-498E-8297-F132CB8C7846}"
EndProject
Global
	GlobalSection(SolutionConfigurationPlatforms) = preSolution
		Debug|Any CPU = Debug|Any CPU
		Release|Any CPU = Release|Any CPU
	EndGlobalSection
	GlobalSection(ProjectConfigurationPlatforms) = postSolution
		{4D096B62-F7EE-498E-8297-F132CB8C7846}.Debug|Any CPU.ActiveCfg = Debug|Any CPU
		{4D096B62-F7EE-498E-8297-F132CB8C7846}.Debug|Any CPU.Build.0 = Debug|Any CPU
		{4D096B62-F7EE-498E-8297-F132CB8C7846}.Release|Any CPU.ActiveCfg = Release|Any CPU
		{4D096B62-F7EE-498E-8297-F132CB8C7846}.Release|Any CPU.Build.0 = Release|Any CPU
	EndGlobalSection
	GlobalSection(SolutionProperties) = preSolution
		HideSolutionNode = FALSE
	EndGlobalSection
	GlobalSection(ExtensibilityGlobals) = postSolution
		SolutionGuid = {0B86F90C-F541-4533-B1D8-F46886084EE2}
	EndGlobalSection
EndGlobal
