
Microsoft Visual Studio Solution File, Format Version 12.00
# Visual Studio Version 16
VisualStudioVersion = 16.0.31105.61
MinimumVisualStudioVersion = 10.0.40219.1
Project("{FAE04EC0-301F-11D3-BF4B-00C04F79EFBC}") = "PackMan", "PackMan\PackMan.csproj", "{3817A3DA-519A-4281-9DD3-E70EF8254457}"
EndProject
Global
	GlobalSection(SolutionConfigurationPlatforms) = preSolution
		Debug|Any CPU = Debug|Any CPU
		Release|Any CPU = Release|Any CPU
	EndGlobalSection
	GlobalSection(ProjectConfigurationPlatforms) = postSolution
		{3817A3DA-519A-4281-9DD3-E70EF8254457}.Debug|Any CPU.ActiveCfg = Debug|Any CPU
		{3817A3DA-519A-4281-9DD3-E70EF8254457}.Debug|Any CPU.Build.0 = Debug|Any CPU
		{3817A3DA-519A-4281-9DD3-E70EF8254457}.Release|Any CPU.ActiveCfg = Release|Any CPU
		{3817A3DA-519A-4281-9DD3-E70EF8254457}.Release|Any CPU.Build.0 = Release|Any CPU
	EndGlobalSection
	GlobalSection(SolutionProperties) = preSolution
		HideSolutionNode = FALSE
	EndGlobalSection
	GlobalSection(ExtensibilityGlobals) = postSolution
		SolutionGuid = {41D25E6F-71FE-4E13-A349-C8A74C294827}
	EndGlobalSection
EndGlobal
