
Microsoft Visual Studio Solution File, Format Version 12.00
# Visual Studio Version 16
VisualStudioVersion = 16.0.31105.61
MinimumVisualStudioVersion = 10.0.40219.1
Project("{FAE04EC0-301F-11D3-BF4B-00C04F79EFBC}") = "ArenaTest", "ArenaTest\ArenaTest.csproj", "{B13BEA5E-A08C-4CD8-941C-F46A11592609}"
EndProject
Global
	GlobalSection(SolutionConfigurationPlatforms) = preSolution
		Debug|Any CPU = Debug|Any CPU
		Release|Any CPU = Release|Any CPU
	EndGlobalSection
	GlobalSection(ProjectConfigurationPlatforms) = postSolution
		{B13BEA5E-A08C-4CD8-941C-F46A11592609}.Debug|Any CPU.ActiveCfg = Debug|Any CPU
		{B13BEA5E-A08C-4CD8-941C-F46A11592609}.Debug|Any CPU.Build.0 = Debug|Any CPU
		{B13BEA5E-A08C-4CD8-941C-F46A11592609}.Release|Any CPU.ActiveCfg = Release|Any CPU
		{B13BEA5E-A08C-4CD8-941C-F46A11592609}.Release|Any CPU.Build.0 = Release|Any CPU
	EndGlobalSection
	GlobalSection(SolutionProperties) = preSolution
		HideSolutionNode = FALSE
	EndGlobalSection
	GlobalSection(ExtensibilityGlobals) = postSolution
		SolutionGuid = {0A3CE365-CE6E-4A70-AE33-FE85DF14895A}
	EndGlobalSection
EndGlobal
